
Microsoft Visual Studio Solution File, Format Version 12.00
# Visual Studio Version 17
VisualStudioVersion = 17.2.32314.265
MinimumVisualStudioVersion = 10.0.40219.1
Project("{9A19103F-16F7-4668-BE54-9A1E7A4F7556}") = "FontIconViewer", "FontIconViewer.csproj", "{60C74C0C-5FCF-4B27-BE0D-7A4162D8D454}"
EndProject
Global
	GlobalSection(SolutionConfigurationPlatforms) = preSolution
		Debug|Any CPU = Debug|Any CPU
		Release|Any CPU = Release|Any CPU
	EndGlobalSection
	GlobalSection(ProjectConfigurationPlatforms) = postSolution
		{60C74C0C-5FCF-4B27-BE0D-7A4162D8D454}.Debug|Any CPU.ActiveCfg = Debug|Any CPU
		{60C74C0C-5FCF-4B27-BE0D-7A4162D8D454}.Debug|Any CPU.Build.0 = Debug|Any CPU
		{60C74C0C-5FCF-4B27-BE0D-7A4162D8D454}.Release|Any CPU.ActiveCfg = Release|Any CPU
		{60C74C0C-5FCF-4B27-BE0D-7A4162D8D454}.Release|Any CPU.Build.0 = Release|Any CPU
	EndGlobalSection
	GlobalSection(SolutionProperties) = preSolution
		HideSolutionNode = FALSE
	EndGlobalSection
	GlobalSection(ExtensibilityGlobals) = postSolution
		SolutionGuid = {FB594465-4FA2-4041-8CD5-51891AAD9D23}
	EndGlobalSection
EndGlobal
