
Microsoft Visual Studio Solution File, Format Version 12.00
# Visual Studio Version 17
VisualStudioVersion = 17.2.32314.265
MinimumVisualStudioVersion = 10.0.40219.1
Project("{9A19103F-16F7-4668-BE54-9A1E7A4F7556}") = "FontIconViewer", "FontIconViewer.csproj", "{60C74C0C-5FCF-4B27-BE0D-7A4162D8D454}"
EndProject
Project("{54435603-DBB4-11D2-8724-00A0C9A8B90C}") = "Setup", "Setup\Setup.vdproj", "{8EF7B7FD-7D02-4F85-B5A4-47758DAE940B}"
EndProject
Global
	GlobalSection(SolutionConfigurationPlatforms) = preSolution
		Debug|Any CPU = Debug|Any CPU
		Debug|ARM = Debug|ARM
		Debug|ARM64 = Debug|ARM64
		Debug|x64 = Debug|x64
		Debug|x86 = Debug|x86
		Release|Any CPU = Release|Any CPU
		Release|ARM = Release|ARM
		Release|ARM64 = Release|ARM64
		Release|x64 = Release|x64
		Release|x86 = Release|x86
	EndGlobalSection
	GlobalSection(ProjectConfigurationPlatforms) = postSolution
		{60C74C0C-5FCF-4B27-BE0D-7A4162D8D454}.Debug|Any CPU.ActiveCfg = Debug|Any CPU
		{60C74C0C-5FCF-4B27-BE0D-7A4162D8D454}.Debug|Any CPU.Build.0 = Debug|Any CPU
		{60C74C0C-5FCF-4B27-BE0D-7A4162D8D454}.Debug|ARM.ActiveCfg = Debug|Any CPU
		{60C74C0C-5FCF-4B27-BE0D-7A4162D8D454}.Debug|ARM.Build.0 = Debug|Any CPU
		{60C74C0C-5FCF-4B27-BE0D-7A4162D8D454}.Debug|ARM64.ActiveCfg = Debug|Any CPU
		{60C74C0C-5FCF-4B27-BE0D-7A4162D8D454}.Debug|ARM64.Build.0 = Debug|Any CPU
		{60C74C0C-5FCF-4B27-BE0D-7A4162D8D454}.Debug|x64.ActiveCfg = Debug|Any CPU
		{60C74C0C-5FCF-4B27-BE0D-7A4162D8D454}.Debug|x64.Build.0 = Debug|Any CPU
		{60C74C0C-5FCF-4B27-BE0D-7A4162D8D454}.Debug|x86.ActiveCfg = Debug|Any CPU
		{60C74C0C-5FCF-4B27-BE0D-7A4162D8D454}.Debug|x86.Build.0 = Debug|Any CPU
		{60C74C0C-5FCF-4B27-BE0D-7A4162D8D454}.Release|Any CPU.ActiveCfg = Release|Any CPU
		{60C74C0C-5FCF-4B27-BE0D-7A4162D8D454}.Release|Any CPU.Build.0 = Release|Any CPU
		{60C74C0C-5FCF-4B27-BE0D-7A4162D8D454}.Release|ARM.ActiveCfg = Release|Any CPU
		{60C74C0C-5FCF-4B27-BE0D-7A4162D8D454}.Release|ARM.Build.0 = Release|Any CPU
		{60C74C0C-5FCF-4B27-BE0D-7A4162D8D454}.Release|ARM64.ActiveCfg = Release|Any CPU
		{60C74C0C-5FCF-4B27-BE0D-7A4162D8D454}.Release|ARM64.Build.0 = Release|Any CPU
		{60C74C0C-5FCF-4B27-BE0D-7A4162D8D454}.Release|x64.ActiveCfg = Release|Any CPU
		{60C74C0C-5FCF-4B27-BE0D-7A4162D8D454}.Release|x64.Build.0 = Release|Any CPU
		{60C74C0C-5FCF-4B27-BE0D-7A4162D8D454}.Release|x86.ActiveCfg = Release|Any CPU
		{60C74C0C-5FCF-4B27-BE0D-7A4162D8D454}.Release|x86.Build.0 = Release|Any CPU
		{8EF7B7FD-7D02-4F85-B5A4-47758DAE940B}.Debug|Any CPU.ActiveCfg = Debug
		{8EF7B7FD-7D02-4F85-B5A4-47758DAE940B}.Debug|Any CPU.Build.0 = Debug
		{8EF7B7FD-7D02-4F85-B5A4-47758DAE940B}.Debug|ARM.ActiveCfg = Debug
		{8EF7B7FD-7D02-4F85-B5A4-47758DAE940B}.Debug|ARM.Build.0 = Debug
		{8EF7B7FD-7D02-4F85-B5A4-47758DAE940B}.Debug|ARM64.ActiveCfg = Debug
		{8EF7B7FD-7D02-4F85-B5A4-47758DAE940B}.Debug|ARM64.Build.0 = Debug
		{8EF7B7FD-7D02-4F85-B5A4-47758DAE940B}.Debug|x64.ActiveCfg = Debug
		{8EF7B7FD-7D02-4F85-B5A4-47758DAE940B}.Debug|x64.Build.0 = Debug
		{8EF7B7FD-7D02-4F85-B5A4-47758DAE940B}.Debug|x86.ActiveCfg = Debug
		{8EF7B7FD-7D02-4F85-B5A4-47758DAE940B}.Debug|x86.Build.0 = Debug
		{8EF7B7FD-7D02-4F85-B5A4-47758DAE940B}.Release|Any CPU.ActiveCfg = Release
		{8EF7B7FD-7D02-4F85-B5A4-47758DAE940B}.Release|Any CPU.Build.0 = Release
		{8EF7B7FD-7D02-4F85-B5A4-47758DAE940B}.Release|ARM.ActiveCfg = Release
		{8EF7B7FD-7D02-4F85-B5A4-47758DAE940B}.Release|ARM.Build.0 = Release
		{8EF7B7FD-7D02-4F85-B5A4-47758DAE940B}.Release|ARM64.ActiveCfg = Release
		{8EF7B7FD-7D02-4F85-B5A4-47758DAE940B}.Release|ARM64.Build.0 = Release
		{8EF7B7FD-7D02-4F85-B5A4-47758DAE940B}.Release|x64.ActiveCfg = Release
		{8EF7B7FD-7D02-4F85-B5A4-47758DAE940B}.Release|x64.Build.0 = Release
		{8EF7B7FD-7D02-4F85-B5A4-47758DAE940B}.Release|x86.ActiveCfg = Release
		{8EF7B7FD-7D02-4F85-B5A4-47758DAE940B}.Release|x86.Build.0 = Release
	EndGlobalSection
	GlobalSection(SolutionProperties) = preSolution
		HideSolutionNode = FALSE
	EndGlobalSection
	GlobalSection(ExtensibilityGlobals) = postSolution
		SolutionGuid = {FB594465-4FA2-4041-8CD5-51891AAD9D23}
	EndGlobalSection
EndGlobal
